{
  "name": "proyecto_1",
  "version": "1.0.0",
  "lockfileVersion": 3,
  "requires": true,
  "packages": {
    "": {
      "name": "proyecto_1",
      "version": "1.0.0",
      "license": "ISC",
      "dependencies": {
        "proyecto_1": "file:"
      }
    },
    "node_modules/proyecto_1": {
      "resolved": "",
      "link": true
    }
  }
}
